
Microsoft Visual Studio Solution File, Format Version 12.00
# Visual Studio Version 17
VisualStudioVersion = 17.0.31919.166
MinimumVisualStudioVersion = 10.0.40219.1
Project("{FAE04EC0-301F-11D3-BF4B-00C04F79EFBC}") = "FuckFriendlyFire", "FuckFriendlyFire.csproj", "{58FB1F65-9D3E-47E8-992E-CDF78E6541D0}"
EndProject
Global
	GlobalSection(SolutionConfigurationPlatforms) = preSolution
		Debug|Any CPU = Debug|Any CPU
		Release|Any CPU = Release|Any CPU
	EndGlobalSection
	GlobalSection(ProjectConfigurationPlatforms) = postSolution
		{58FB1F65-9D3E-47E8-992E-CDF78E6541D0}.Debug|Any CPU.ActiveCfg = Debug|Any CPU
		{58FB1F65-9D3E-47E8-992E-CDF78E6541D0}.Debug|Any CPU.Build.0 = Debug|Any CPU
		{58FB1F65-9D3E-47E8-992E-CDF78E6541D0}.Release|Any CPU.ActiveCfg = Release|Any CPU
		{58FB1F65-9D3E-47E8-992E-CDF78E6541D0}.Release|Any CPU.Build.0 = Release|Any CPU
	EndGlobalSection
	GlobalSection(SolutionProperties) = preSolution
		HideSolutionNode = FALSE
	EndGlobalSection
	GlobalSection(ExtensibilityGlobals) = postSolution
		SolutionGuid = {02B97340-2006-424A-BC5B-CFE612BB9283}
	EndGlobalSection
EndGlobal
